
Microsoft Visual Studio Solution File, Format Version 12.00
# Visual Studio Version 16
VisualStudioVersion = 16.0.808.4
MinimumVisualStudioVersion = 10.0.40219.1
Project("{FAE04EC0-301F-11D3-BF4B-00C04F79EFBC}") = "newshangfire", "newshangfire.csproj", "{14393E66-1F39-4611-8F38-C1D8467D16D1}"
EndProject
Global
	GlobalSection(SolutionConfigurationPlatforms) = preSolution
		Debug|Any CPU = Debug|Any CPU
		Release|Any CPU = Release|Any CPU
	EndGlobalSection
	GlobalSection(ProjectConfigurationPlatforms) = postSolution
		{14393E66-1F39-4611-8F38-C1D8467D16D1}.Debug|Any CPU.ActiveCfg = Debug|Any CPU
		{14393E66-1F39-4611-8F38-C1D8467D16D1}.Debug|Any CPU.Build.0 = Debug|Any CPU
		{14393E66-1F39-4611-8F38-C1D8467D16D1}.Release|Any CPU.ActiveCfg = Release|Any CPU
		{14393E66-1F39-4611-8F38-C1D8467D16D1}.Release|Any CPU.Build.0 = Release|Any CPU
	EndGlobalSection
	GlobalSection(SolutionProperties) = preSolution
		HideSolutionNode = FALSE
	EndGlobalSection
	GlobalSection(ExtensibilityGlobals) = postSolution
		SolutionGuid = {92867617-4283-4F70-ADDB-59E58474CA06}
	EndGlobalSection
EndGlobal
